
Microsoft Visual Studio Solution File, Format Version 12.00
# Visual Studio 15
VisualStudioVersion = 15.0.28307.329
MinimumVisualStudioVersion = 10.0.40219.1
Project("{888888A0-9F3D-457C-B088-3A5042F75D52}") = "SHMU_Kamery", "SHMU_Kamery.pyproj", "{0943B01A-B1DB-4188-8486-CBD1AE55FFD4}"
EndProject
Global
	GlobalSection(SolutionConfigurationPlatforms) = preSolution
		Debug|Any CPU = Debug|Any CPU
		Release|Any CPU = Release|Any CPU
	EndGlobalSection
	GlobalSection(ProjectConfigurationPlatforms) = postSolution
		{0943B01A-B1DB-4188-8486-CBD1AE55FFD4}.Debug|Any CPU.ActiveCfg = Debug|Any CPU
		{0943B01A-B1DB-4188-8486-CBD1AE55FFD4}.Release|Any CPU.ActiveCfg = Release|Any CPU
	EndGlobalSection
	GlobalSection(SolutionProperties) = preSolution
		HideSolutionNode = FALSE
	EndGlobalSection
	GlobalSection(ExtensibilityGlobals) = postSolution
		SolutionGuid = {958E4F44-807B-400F-8475-0A1E36BE08B4}
	EndGlobalSection
EndGlobal
